// !$*UTF8*$!
{
	archiveVersion = 1;
	classes = {
	};
	objectVersion = 77;
	objects = {

/* Begin PBXBuildFile section */
		000504DCDCDC6F3FE7FB3837 /* BeatClock.swift in Sources */ = {isa = PBXBuildFile; fileRef = CE0CE0E3D2BCC6632A9D61CF /* BeatClock.swift */; };
		028B0B9408A8AD05082122E7 /* SkillGraph.swift in Sources */ = {isa = PBXBuildFile; fileRef = F7A730DDDCF56671F29DB67E /* SkillGraph.swift */; };
		043F2FCB8F16F0908325A564 /* Assets.xcassets in Resources */ = {isa = PBXBuildFile; fileRef = 687BED834466E11EE516FD4B /* Assets.xcassets */; };
		0748C267B754E447F47AFCAA /* Calibration.swift in Sources */ = {isa = PBXBuildFile; fileRef = 16F4871F84CBA64C0F4B6C92 /* Calibration.swift */; };
		1A43D55171316657B6966AC0 /* ChordRecognizer.swift in Sources */ = {isa = PBXBuildFile; fileRef = B8ECA3218E3F7835329B495B /* ChordRecognizer.swift */; };
		1AE7A40D968F2921C17EF659 /* TodayView.swift in Sources */ = {isa = PBXBuildFile; fileRef = 7BB7FC4135B73AEE6CBCE0E6 /* TodayView.swift */; };
		1F978C34F368EC381C85D222 /* ChordCheckView.swift in Sources */ = {isa = PBXBuildFile; fileRef = 598EC9AAF229C96EB1076FF6 /* ChordCheckView.swift */; };
		249DC2B1DB2E1306FD7E0522 /* MasteryStore.swift in Sources */ = {isa = PBXBuildFile; fileRef = 8CFCB59418483E2BCCEEA224 /* MasteryStore.swift */; };
		2A2F2ED512D08EAF5AA6A021 /* FreePlayView.swift in Sources */ = {isa = PBXBuildFile; fileRef = 429DFA35521BF75AB948E6B9 /* FreePlayView.swift */; };
		2CD824ADED4988843C281EE3 /* Stage.swift in Sources */ = {isa = PBXBuildFile; fileRef = 8FF9BAD26BE6A80DAA69117E /* Stage.swift */; };
		311CE8ECCBD9ECD3A60CC871 /* PitchDetector.swift in Sources */ = {isa = PBXBuildFile; fileRef = 7C48BAA7BABD8F6A1B1C3E2B /* PitchDetector.swift */; };
		3954D76D35B9B926CF88705A /* Theme.swift in Sources */ = {isa = PBXBuildFile; fileRef = 7B3A85B4DD7C854AD059ED03 /* Theme.swift */; };
		3980976E19E6862B9F03733C /* ChordDetector.swift in Sources */ = {isa = PBXBuildFile; fileRef = DF2D87CCE1F204D57951EADB /* ChordDetector.swift */; };
		3BC27A4439ECDFDE707F0D17 /* Metronome.swift in Sources */ = {isa = PBXBuildFile; fileRef = C052F56AE6FB5BE845C5F46E /* Metronome.swift */; };
		46F066DE40A907FB457C7F87 /* Chord.swift in Sources */ = {isa = PBXBuildFile; fileRef = 56B7EA871950B14503B18847 /* Chord.swift */; };
		46F50497F8262558641269ED /* ObservationLog.swift in Sources */ = {isa = PBXBuildFile; fileRef = 068D968F8560E50AEE9583F2 /* ObservationLog.swift */; };
		4B4AD80786C17BA85BE1E777 /* Song.swift in Sources */ = {isa = PBXBuildFile; fileRef = 25074E52CA474B9B27DB5B35 /* Song.swift */; };
		4B950ADDB3531B5F1CBCBE5C /* StructuredPathView.swift in Sources */ = {isa = PBXBuildFile; fileRef = 873DCA8F4881AFB1CED1DEC8 /* StructuredPathView.swift */; };
		4BD58E00D245B89C5AD1D379 /* CreditAssignment.swift in Sources */ = {isa = PBXBuildFile; fileRef = 6BA970FA59414C54252A73ED /* CreditAssignment.swift */; };
		4E4CEE058B4FEDFBA7CC3CA0 /* Database.swift in Sources */ = {isa = PBXBuildFile; fileRef = 66FEE6F70220F34A3ED92F60 /* Database.swift */; };
		53A52E8CA0EC88B51798D224 /* TipsView.swift in Sources */ = {isa = PBXBuildFile; fileRef = B432266AB6890FEB0131C76E /* TipsView.swift */; };
		56802006B0E087D665AD658A /* SongPlayer.swift in Sources */ = {isa = PBXBuildFile; fileRef = 383408B6D3434C0966281E11 /* SongPlayer.swift */; };
		591A898B4AB30C444FE952DE /* MasteryState.swift in Sources */ = {isa = PBXBuildFile; fileRef = 140E2E1536E336CEAA1ABD24 /* MasteryState.swift */; };
		593D64FCEC0D51A0455F130F /* SkillDetail.swift in Sources */ = {isa = PBXBuildFile; fileRef = A3EE0B351D82DF78140B362C /* SkillDetail.swift */; };
		5F724454D97873598E047482 /* SongsView.swift in Sources */ = {isa = PBXBuildFile; fileRef = 1AB2D76F090D9BC096241C3B /* SongsView.swift */; };
		634A1DBEE7F313723FE26DAF /* TransitionDrill.swift in Sources */ = {isa = PBXBuildFile; fileRef = CF72318A025078438E7D14DF /* TransitionDrill.swift */; };
		71D428473494CEEA163F8A10 /* Coach.swift in Sources */ = {isa = PBXBuildFile; fileRef = 79AA48711B270161E6892315 /* Coach.swift */; };
		7223DB6042E7D8DF0D5FABFA /* TransitionDrillView.swift in Sources */ = {isa = PBXBuildFile; fileRef = 06A4D9559C3CE8F55E1E8B93 /* TransitionDrillView.swift */; };
		72E251FBD8B4F2B46EAAD60F /* StrumbuddyApp.swift in Sources */ = {isa = PBXBuildFile; fileRef = 3BCA79382C833EA8C856F88B /* StrumbuddyApp.swift */; };
		73C5A7354148916F02D13AD3 /* MetronomeView.swift in Sources */ = {isa = PBXBuildFile; fileRef = 52584A027A05E2AEBBDE71D8 /* MetronomeView.swift */; };
		842CF29DE5D74881E758D1AF /* TunerView.swift in Sources */ = {isa = PBXBuildFile; fileRef = DD4455F25CBCC2DA58094A1A /* TunerView.swift */; };
		8D9A9E661FDD6B69F892E512 /* ScoringService.swift in Sources */ = {isa = PBXBuildFile; fileRef = D9EDBF96308E46028E444DA3 /* ScoringService.swift */; };
		8E173847DD37E4E39B626942 /* Skill.swift in Sources */ = {isa = PBXBuildFile; fileRef = 548B91A02E8B955BFD942C83 /* Skill.swift */; };
		971A5F068F360D7183A92BAD /* ChordShape.swift in Sources */ = {isa = PBXBuildFile; fileRef = 402FD93D5C22C0687A40C468 /* ChordShape.swift */; };
		995D585C2660556D502BDF17 /* SongSimplifier.swift in Sources */ = {isa = PBXBuildFile; fileRef = 765999560A69013AC6EF7FB7 /* SongSimplifier.swift */; };
		9A97F96748A0156658C36820 /* SongDetailView.swift in Sources */ = {isa = PBXBuildFile; fileRef = 67CE7FBA6D2ABB59F8270CB6 /* SongDetailView.swift */; };
		9B00727E6F7FFE43CFAF718E /* ChordDetailView.swift in Sources */ = {isa = PBXBuildFile; fileRef = 5593203B04F73D5DF4901DD6 /* ChordDetailView.swift */; };
		9D5D4DC69903B14A62FB90D1 /* SelectionPolicy.swift in Sources */ = {isa = PBXBuildFile; fileRef = 97D51C737AC21FCD52FA1BB8 /* SelectionPolicy.swift */; };
		A0CA59ABEFACABD159CC5116 /* DrillSession.swift in Sources */ = {isa = PBXBuildFile; fileRef = 7368139CB3C8E72512284CD2 /* DrillSession.swift */; };
		A26E3E6CAA52E24792CD60DE /* RadarChartView.swift in Sources */ = {isa = PBXBuildFile; fileRef = DF102D0DE9EBF3613D7088AE /* RadarChartView.swift */; };
		A40FF2D1AC106619B0D96B12 /* PracticeTracker.swift in Sources */ = {isa = PBXBuildFile; fileRef = 40E82CD4AA1037EFA30471DE /* PracticeTracker.swift */; };
		A5E1B598B3BE2A4037BEF378 /* demo_gcd.wav in Resources */ = {isa = PBXBuildFile; fileRef = 69EE1B336E08E3D99CBFE578 /* demo_gcd.wav */; };
		AC928A0110B9AA344A4F33A4 /* CapoSimplifier.swift in Sources */ = {isa = PBXBuildFile; fileRef = C949092189AC4B6D5DD8E71C /* CapoSimplifier.swift */; };
		AD0BC500205ED4ABD5444041 /* AudioFileLoader.swift in Sources */ = {isa = PBXBuildFile; fileRef = 4BB7CC2952C2A4E1556F7215 /* AudioFileLoader.swift */; };
		B03DD23EAA30A73C8F00A0B4 /* AnalyzeView.swift in Sources */ = {isa = PBXBuildFile; fileRef = CD3CED61C99FADBF555C46B8 /* AnalyzeView.swift */; };
		B697ED23D79EC162181F016D /* AudioEngine.swift in Sources */ = {isa = PBXBuildFile; fileRef = B92EFEA2ED450CA40625CA0A /* AudioEngine.swift */; };
		B782763469CD8C762BF4CCE3 /* ContentView.swift in Sources */ = {isa = PBXBuildFile; fileRef = 7162E19E87FECBAD4027A767 /* ContentView.swift */; };
		B9A553C469CE23C903B02013 /* SynthPlayer.swift in Sources */ = {isa = PBXBuildFile; fileRef = 516647ECFAB1333232722625 /* SynthPlayer.swift */; };
		C0BBC4B53E7EC92E77500E9A /* TunerReading.swift in Sources */ = {isa = PBXBuildFile; fileRef = 6C8C192C9B707E0CBB7781B0 /* TunerReading.swift */; };
		C323C2B09FC85A5896E183B7 /* demo_emd.wav in Resources */ = {isa = PBXBuildFile; fileRef = E18E7D31A2314D11E00293EA /* demo_emd.wav */; };
		C3B22404C958D4BAD09DEE62 /* AudioRecorder.swift in Sources */ = {isa = PBXBuildFile; fileRef = B29CB5E2FF8DD169EC65097E /* AudioRecorder.swift */; };
		C8A3A2333BADF0E753696927 /* StreakCalculator.swift in Sources */ = {isa = PBXBuildFile; fileRef = CA5CAA5B39BA7AC6629B19A2 /* StreakCalculator.swift */; };
		CD6492363744F72519B05960 /* Observation.swift in Sources */ = {isa = PBXBuildFile; fileRef = E6FB7762DD6AD4E3A7DC1157 /* Observation.swift */; };
		D20120E00641DFE5B9FD7DB5 /* SessionGenerator.swift in Sources */ = {isa = PBXBuildFile; fileRef = CC6AA62F829D3DCD3C5AB55F /* SessionGenerator.swift */; };
		D633EBD8A7B6DA9DE5ED7F12 /* CalibrationView.swift in Sources */ = {isa = PBXBuildFile; fileRef = 089BA9EB87E2A2D11BD5D502 /* CalibrationView.swift */; };
		D9475E2454FB39095ADEAE48 /* PracticeCoachView.swift in Sources */ = {isa = PBXBuildFile; fileRef = F7D7B561B4260D06526E4D00 /* PracticeCoachView.swift */; };
		E17CD65EA780775FAF41F368 /* Tip.swift in Sources */ = {isa = PBXBuildFile; fileRef = 1C6BE58B59A9584E89BAD694 /* Tip.swift */; };
		E1CC326EAEBFBF042F6AEB74 /* ScoreAxes.swift in Sources */ = {isa = PBXBuildFile; fileRef = F1DEEC7AC39F02F65404165D /* ScoreAxes.swift */; };
		E1F6E7BE857B61629BB2C7E0 /* ChordSynth.swift in Sources */ = {isa = PBXBuildFile; fileRef = DA4735ACAC3797FB3FB0FC21 /* ChordSynth.swift */; };
		E2B6D0FE80B16D30D119D3E0 /* Chromagram.swift in Sources */ = {isa = PBXBuildFile; fileRef = C751EDCE5F489A1C43E94A5E /* Chromagram.swift */; };
		E872995B125771C3582B86CC /* OnboardingView.swift in Sources */ = {isa = PBXBuildFile; fileRef = 5E542502A17F704180E65233 /* OnboardingView.swift */; };
		F6143E7B52237EFA79A0EF4E /* demo_cgamf.wav in Resources */ = {isa = PBXBuildFile; fileRef = BF726F726BC419EF8023BA01 /* demo_cgamf.wav */; };
		FEC16499436E409048855D6B /* ChordDiagramView.swift in Sources */ = {isa = PBXBuildFile; fileRef = F27543EE781A340A864F0A23 /* ChordDiagramView.swift */; };
/* End PBXBuildFile section */

/* Begin PBXFileReference section */
		068D968F8560E50AEE9583F2 /* ObservationLog.swift */ = {isa = PBXFileReference; lastKnownFileType = sourcecode.swift; path = ObservationLog.swift; sourceTree = "<group>"; };
		06A4D9559C3CE8F55E1E8B93 /* TransitionDrillView.swift */ = {isa = PBXFileReference; lastKnownFileType = sourcecode.swift; path = TransitionDrillView.swift; sourceTree = "<group>"; };
		089BA9EB87E2A2D11BD5D502 /* CalibrationView.swift */ = {isa = PBXFileReference; lastKnownFileType = sourcecode.swift; path = CalibrationView.swift; sourceTree = "<group>"; };
		140E2E1536E336CEAA1ABD24 /* MasteryState.swift */ = {isa = PBXFileReference; lastKnownFileType = sourcecode.swift; path = MasteryState.swift; sourceTree = "<group>"; };
		16F4871F84CBA64C0F4B6C92 /* Calibration.swift */ = {isa = PBXFileReference; lastKnownFileType = sourcecode.swift; path = Calibration.swift; sourceTree = "<group>"; };
		1AB2D76F090D9BC096241C3B /* SongsView.swift */ = {isa = PBXFileReference; lastKnownFileType = sourcecode.swift; path = SongsView.swift; sourceTree = "<group>"; };
		1C6BE58B59A9584E89BAD694 /* Tip.swift */ = {isa = PBXFileReference; lastKnownFileType = sourcecode.swift; path = Tip.swift; sourceTree = "<group>"; };
		25074E52CA474B9B27DB5B35 /* Song.swift */ = {isa = PBXFileReference; lastKnownFileType = sourcecode.swift; path = Song.swift; sourceTree = "<group>"; };
		383408B6D3434C0966281E11 /* SongPlayer.swift */ = {isa = PBXFileReference; lastKnownFileType = sourcecode.swift; path = SongPlayer.swift; sourceTree = "<group>"; };
		3BCA79382C833EA8C856F88B /* StrumbuddyApp.swift */ = {isa = PBXFileReference; lastKnownFileType = sourcecode.swift; path = StrumbuddyApp.swift; sourceTree = "<group>"; };
		402FD93D5C22C0687A40C468 /* ChordShape.swift */ = {isa = PBXFileReference; lastKnownFileType = sourcecode.swift; path = ChordShape.swift; sourceTree = "<group>"; };
		40E82CD4AA1037EFA30471DE /* PracticeTracker.swift */ = {isa = PBXFileReference; lastKnownFileType = sourcecode.swift; path = PracticeTracker.swift; sourceTree = "<group>"; };
		429DFA35521BF75AB948E6B9 /* FreePlayView.swift */ = {isa = PBXFileReference; lastKnownFileType = sourcecode.swift; path = FreePlayView.swift; sourceTree = "<group>"; };
		47C744AD96BD47F29C6C169A /* Strumbuddy.app */ = {isa = PBXFileReference; includeInIndex = 0; lastKnownFileType = wrapper.application; path = Strumbuddy.app; sourceTree = BUILT_PRODUCTS_DIR; };
		4BB7CC2952C2A4E1556F7215 /* AudioFileLoader.swift */ = {isa = PBXFileReference; lastKnownFileType = sourcecode.swift; path = AudioFileLoader.swift; sourceTree = "<group>"; };
		516647ECFAB1333232722625 /* SynthPlayer.swift */ = {isa = PBXFileReference; lastKnownFileType = sourcecode.swift; path = SynthPlayer.swift; sourceTree = "<group>"; };
		52584A027A05E2AEBBDE71D8 /* MetronomeView.swift */ = {isa = PBXFileReference; lastKnownFileType = sourcecode.swift; path = MetronomeView.swift; sourceTree = "<group>"; };
		548B91A02E8B955BFD942C83 /* Skill.swift */ = {isa = PBXFileReference; lastKnownFileType = sourcecode.swift; path = Skill.swift; sourceTree = "<group>"; };
		5593203B04F73D5DF4901DD6 /* ChordDetailView.swift */ = {isa = PBXFileReference; lastKnownFileType = sourcecode.swift; path = ChordDetailView.swift; sourceTree = "<group>"; };
		56B7EA871950B14503B18847 /* Chord.swift */ = {isa = PBXFileReference; lastKnownFileType = sourcecode.swift; path = Chord.swift; sourceTree = "<group>"; };
		598EC9AAF229C96EB1076FF6 /* ChordCheckView.swift */ = {isa = PBXFileReference; lastKnownFileType = sourcecode.swift; path = ChordCheckView.swift; sourceTree = "<group>"; };
		5E542502A17F704180E65233 /* OnboardingView.swift */ = {isa = PBXFileReference; lastKnownFileType = sourcecode.swift; path = OnboardingView.swift; sourceTree = "<group>"; };
		66FEE6F70220F34A3ED92F60 /* Database.swift */ = {isa = PBXFileReference; lastKnownFileType = sourcecode.swift; path = Database.swift; sourceTree = "<group>"; };
		67CE7FBA6D2ABB59F8270CB6 /* SongDetailView.swift */ = {isa = PBXFileReference; lastKnownFileType = sourcecode.swift; path = SongDetailView.swift; sourceTree = "<group>"; };
		687BED834466E11EE516FD4B /* Assets.xcassets */ = {isa = PBXFileReference; lastKnownFileType = folder.assetcatalog; path = Assets.xcassets; sourceTree = "<group>"; };
		69EE1B336E08E3D99CBFE578 /* demo_gcd.wav */ = {isa = PBXFileReference; lastKnownFileType = audio.wav; path = demo_gcd.wav; sourceTree = "<group>"; };
		6BA970FA59414C54252A73ED /* CreditAssignment.swift */ = {isa = PBXFileReference; lastKnownFileType = sourcecode.swift; path = CreditAssignment.swift; sourceTree = "<group>"; };
		6C8C192C9B707E0CBB7781B0 /* TunerReading.swift */ = {isa = PBXFileReference; lastKnownFileType = sourcecode.swift; path = TunerReading.swift; sourceTree = "<group>"; };
		7162E19E87FECBAD4027A767 /* ContentView.swift */ = {isa = PBXFileReference; lastKnownFileType = sourcecode.swift; path = ContentView.swift; sourceTree = "<group>"; };
		7368139CB3C8E72512284CD2 /* DrillSession.swift */ = {isa = PBXFileReference; lastKnownFileType = sourcecode.swift; path = DrillSession.swift; sourceTree = "<group>"; };
		765999560A69013AC6EF7FB7 /* SongSimplifier.swift */ = {isa = PBXFileReference; lastKnownFileType = sourcecode.swift; path = SongSimplifier.swift; sourceTree = "<group>"; };
		76BA6D80BCC4A599F64DA890 /* Info.plist */ = {isa = PBXFileReference; lastKnownFileType = text.plist; path = Info.plist; sourceTree = "<group>"; };
		79AA48711B270161E6892315 /* Coach.swift */ = {isa = PBXFileReference; lastKnownFileType = sourcecode.swift; path = Coach.swift; sourceTree = "<group>"; };
		7B3A85B4DD7C854AD059ED03 /* Theme.swift */ = {isa = PBXFileReference; lastKnownFileType = sourcecode.swift; path = Theme.swift; sourceTree = "<group>"; };
		7BB7FC4135B73AEE6CBCE0E6 /* TodayView.swift */ = {isa = PBXFileReference; lastKnownFileType = sourcecode.swift; path = TodayView.swift; sourceTree = "<group>"; };
		7C48BAA7BABD8F6A1B1C3E2B /* PitchDetector.swift */ = {isa = PBXFileReference; lastKnownFileType = sourcecode.swift; path = PitchDetector.swift; sourceTree = "<group>"; };
		873DCA8F4881AFB1CED1DEC8 /* StructuredPathView.swift */ = {isa = PBXFileReference; lastKnownFileType = sourcecode.swift; path = StructuredPathView.swift; sourceTree = "<group>"; };
		8CFCB59418483E2BCCEEA224 /* MasteryStore.swift */ = {isa = PBXFileReference; lastKnownFileType = sourcecode.swift; path = MasteryStore.swift; sourceTree = "<group>"; };
		8FF9BAD26BE6A80DAA69117E /* Stage.swift */ = {isa = PBXFileReference; lastKnownFileType = sourcecode.swift; path = Stage.swift; sourceTree = "<group>"; };
		97D51C737AC21FCD52FA1BB8 /* SelectionPolicy.swift */ = {isa = PBXFileReference; lastKnownFileType = sourcecode.swift; path = SelectionPolicy.swift; sourceTree = "<group>"; };
		A3EE0B351D82DF78140B362C /* SkillDetail.swift */ = {isa = PBXFileReference; lastKnownFileType = sourcecode.swift; path = SkillDetail.swift; sourceTree = "<group>"; };
		B29CB5E2FF8DD169EC65097E /* AudioRecorder.swift */ = {isa = PBXFileReference; lastKnownFileType = sourcecode.swift; path = AudioRecorder.swift; sourceTree = "<group>"; };
		B432266AB6890FEB0131C76E /* TipsView.swift */ = {isa = PBXFileReference; lastKnownFileType = sourcecode.swift; path = TipsView.swift; sourceTree = "<group>"; };
		B8ECA3218E3F7835329B495B /* ChordRecognizer.swift */ = {isa = PBXFileReference; lastKnownFileType = sourcecode.swift; path = ChordRecognizer.swift; sourceTree = "<group>"; };
		B92EFEA2ED450CA40625CA0A /* AudioEngine.swift */ = {isa = PBXFileReference; lastKnownFileType = sourcecode.swift; path = AudioEngine.swift; sourceTree = "<group>"; };
		BF726F726BC419EF8023BA01 /* demo_cgamf.wav */ = {isa = PBXFileReference; lastKnownFileType = audio.wav; path = demo_cgamf.wav; sourceTree = "<group>"; };
		C052F56AE6FB5BE845C5F46E /* Metronome.swift */ = {isa = PBXFileReference; lastKnownFileType = sourcecode.swift; path = Metronome.swift; sourceTree = "<group>"; };
		C751EDCE5F489A1C43E94A5E /* Chromagram.swift */ = {isa = PBXFileReference; lastKnownFileType = sourcecode.swift; path = Chromagram.swift; sourceTree = "<group>"; };
		C949092189AC4B6D5DD8E71C /* CapoSimplifier.swift */ = {isa = PBXFileReference; lastKnownFileType = sourcecode.swift; path = CapoSimplifier.swift; sourceTree = "<group>"; };
		CA5CAA5B39BA7AC6629B19A2 /* StreakCalculator.swift */ = {isa = PBXFileReference; lastKnownFileType = sourcecode.swift; path = StreakCalculator.swift; sourceTree = "<group>"; };
		CC6AA62F829D3DCD3C5AB55F /* SessionGenerator.swift */ = {isa = PBXFileReference; lastKnownFileType = sourcecode.swift; path = SessionGenerator.swift; sourceTree = "<group>"; };
		CD3CED61C99FADBF555C46B8 /* AnalyzeView.swift */ = {isa = PBXFileReference; lastKnownFileType = sourcecode.swift; path = AnalyzeView.swift; sourceTree = "<group>"; };
		CE0CE0E3D2BCC6632A9D61CF /* BeatClock.swift */ = {isa = PBXFileReference; lastKnownFileType = sourcecode.swift; path = BeatClock.swift; sourceTree = "<group>"; };
		CF72318A025078438E7D14DF /* TransitionDrill.swift */ = {isa = PBXFileReference; lastKnownFileType = sourcecode.swift; path = TransitionDrill.swift; sourceTree = "<group>"; };
		D9EDBF96308E46028E444DA3 /* ScoringService.swift */ = {isa = PBXFileReference; lastKnownFileType = sourcecode.swift; path = ScoringService.swift; sourceTree = "<group>"; };
		DA4735ACAC3797FB3FB0FC21 /* ChordSynth.swift */ = {isa = PBXFileReference; lastKnownFileType = sourcecode.swift; path = ChordSynth.swift; sourceTree = "<group>"; };
		DD4455F25CBCC2DA58094A1A /* TunerView.swift */ = {isa = PBXFileReference; lastKnownFileType = sourcecode.swift; path = TunerView.swift; sourceTree = "<group>"; };
		DF102D0DE9EBF3613D7088AE /* RadarChartView.swift */ = {isa = PBXFileReference; lastKnownFileType = sourcecode.swift; path = RadarChartView.swift; sourceTree = "<group>"; };
		DF2D87CCE1F204D57951EADB /* ChordDetector.swift */ = {isa = PBXFileReference; lastKnownFileType = sourcecode.swift; path = ChordDetector.swift; sourceTree = "<group>"; };
		E18E7D31A2314D11E00293EA /* demo_emd.wav */ = {isa = PBXFileReference; lastKnownFileType = audio.wav; path = demo_emd.wav; sourceTree = "<group>"; };
		E6FB7762DD6AD4E3A7DC1157 /* Observation.swift */ = {isa = PBXFileReference; lastKnownFileType = sourcecode.swift; path = Observation.swift; sourceTree = "<group>"; };
		F1DEEC7AC39F02F65404165D /* ScoreAxes.swift */ = {isa = PBXFileReference; lastKnownFileType = sourcecode.swift; path = ScoreAxes.swift; sourceTree = "<group>"; };
		F27543EE781A340A864F0A23 /* ChordDiagramView.swift */ = {isa = PBXFileReference; lastKnownFileType = sourcecode.swift; path = ChordDiagramView.swift; sourceTree = "<group>"; };
		F7A730DDDCF56671F29DB67E /* SkillGraph.swift */ = {isa = PBXFileReference; lastKnownFileType = sourcecode.swift; path = SkillGraph.swift; sourceTree = "<group>"; };
		F7D7B561B4260D06526E4D00 /* PracticeCoachView.swift */ = {isa = PBXFileReference; lastKnownFileType = sourcecode.swift; path = PracticeCoachView.swift; sourceTree = "<group>"; };
/* End PBXFileReference section */

/* Begin PBXGroup section */
		081B90D8A01A4C045A6D7BCB /* Models */ = {
			isa = PBXGroup;
			children = (
				CE0CE0E3D2BCC6632A9D61CF /* BeatClock.swift */,
				16F4871F84CBA64C0F4B6C92 /* Calibration.swift */,
				C949092189AC4B6D5DD8E71C /* CapoSimplifier.swift */,
				56B7EA871950B14503B18847 /* Chord.swift */,
				402FD93D5C22C0687A40C468 /* ChordShape.swift */,
				140E2E1536E336CEAA1ABD24 /* MasteryState.swift */,
				E6FB7762DD6AD4E3A7DC1157 /* Observation.swift */,
				F1DEEC7AC39F02F65404165D /* ScoreAxes.swift */,
				548B91A02E8B955BFD942C83 /* Skill.swift */,
				A3EE0B351D82DF78140B362C /* SkillDetail.swift */,
				25074E52CA474B9B27DB5B35 /* Song.swift */,
				765999560A69013AC6EF7FB7 /* SongSimplifier.swift */,
				8FF9BAD26BE6A80DAA69117E /* Stage.swift */,
				CA5CAA5B39BA7AC6629B19A2 /* StreakCalculator.swift */,
				1C6BE58B59A9584E89BAD694 /* Tip.swift */,
				CF72318A025078438E7D14DF /* TransitionDrill.swift */,
			);
			path = Models;
			sourceTree = "<group>";
		};
		16B1C9E4D858B12B75415EA8 /* Songs */ = {
			isa = PBXGroup;
			children = (
				CD3CED61C99FADBF555C46B8 /* AnalyzeView.swift */,
				67CE7FBA6D2ABB59F8270CB6 /* SongDetailView.swift */,
				383408B6D3434C0966281E11 /* SongPlayer.swift */,
				1AB2D76F090D9BC096241C3B /* SongsView.swift */,
			);
			path = Songs;
			sourceTree = "<group>";
		};
		16D56AE2E6DBF016EA1315FD /* Coach */ = {
			isa = PBXGroup;
			children = (
				79AA48711B270161E6892315 /* Coach.swift */,
				6BA970FA59414C54252A73ED /* CreditAssignment.swift */,
				8CFCB59418483E2BCCEEA224 /* MasteryStore.swift */,
				068D968F8560E50AEE9583F2 /* ObservationLog.swift */,
				40E82CD4AA1037EFA30471DE /* PracticeTracker.swift */,
				97D51C737AC21FCD52FA1BB8 /* SelectionPolicy.swift */,
				CC6AA62F829D3DCD3C5AB55F /* SessionGenerator.swift */,
				F7A730DDDCF56671F29DB67E /* SkillGraph.swift */,
			);
			path = Coach;
			sourceTree = "<group>";
		};
		262494593E7F7796E0A5F47C /* Today */ = {
			isa = PBXGroup;
			children = (
				7BB7FC4135B73AEE6CBCE0E6 /* TodayView.swift */,
			);
			path = Today;
			sourceTree = "<group>";
		};
		2636A103F48A45EB7B09017D /* Calibration */ = {
			isa = PBXGroup;
			children = (
				089BA9EB87E2A2D11BD5D502 /* CalibrationView.swift */,
			);
			path = Calibration;
			sourceTree = "<group>";
		};
		34B4A24E5BFAF550344C6567 /* Resources */ = {
			isa = PBXGroup;
			children = (
				687BED834466E11EE516FD4B /* Assets.xcassets */,
				76BA6D80BCC4A599F64DA890 /* Info.plist */,
				7DEC0EFAB7112C082D6934C0 /* DemoAudio */,
			);
			path = Resources;
			sourceTree = "<group>";
		};
		42AD92EAAE3E197A99B62A70 /* Products */ = {
			isa = PBXGroup;
			children = (
				47C744AD96BD47F29C6C169A /* Strumbuddy.app */,
			);
			name = Products;
			sourceTree = "<group>";
		};
		45981A25D74B114CAD2A221D /* Theme */ = {
			isa = PBXGroup;
			children = (
				7B3A85B4DD7C854AD059ED03 /* Theme.swift */,
			);
			path = Theme;
			sourceTree = "<group>";
		};
		47FF94833C253E625A393689 /* StructuredPath */ = {
			isa = PBXGroup;
			children = (
				873DCA8F4881AFB1CED1DEC8 /* StructuredPathView.swift */,
			);
			path = StructuredPath;
			sourceTree = "<group>";
		};
		5360A731AECEC98CFB0D8BBA /* Drill */ = {
			isa = PBXGroup;
			children = (
				7368139CB3C8E72512284CD2 /* DrillSession.swift */,
				06A4D9559C3CE8F55E1E8B93 /* TransitionDrillView.swift */,
			);
			path = Drill;
			sourceTree = "<group>";
		};
		594AEF54A982BE57DAFF04D5 /* Features */ = {
			isa = PBXGroup;
			children = (
				2636A103F48A45EB7B09017D /* Calibration */,
				5360A731AECEC98CFB0D8BBA /* Drill */,
				6CF3C1D59A901327EFADCC7B /* FreePlay */,
				8CF592120260E98C6E8C0C32 /* Onboarding */,
				CFDE155AE3D26B421417838B /* PracticeCoach */,
				A21BA8A936975B6D18318342 /* Shared */,
				16B1C9E4D858B12B75415EA8 /* Songs */,
				47FF94833C253E625A393689 /* StructuredPath */,
				C916ED5B6FA7CE7BCBA3A187 /* Tips */,
				262494593E7F7796E0A5F47C /* Today */,
			);
			path = Features;
			sourceTree = "<group>";
		};
		5D2AC293C183D36F188451F2 = {
			isa = PBXGroup;
			children = (
				DBEC8A65E88EA2B0AAF3996E /* Strumbuddy */,
				42AD92EAAE3E197A99B62A70 /* Products */,
			);
			sourceTree = "<group>";
		};
		6CF3C1D59A901327EFADCC7B /* FreePlay */ = {
			isa = PBXGroup;
			children = (
				598EC9AAF229C96EB1076FF6 /* ChordCheckView.swift */,
				429DFA35521BF75AB948E6B9 /* FreePlayView.swift */,
			);
			path = FreePlay;
			sourceTree = "<group>";
		};
		7DEC0EFAB7112C082D6934C0 /* DemoAudio */ = {
			isa = PBXGroup;
			children = (
				BF726F726BC419EF8023BA01 /* demo_cgamf.wav */,
				E18E7D31A2314D11E00293EA /* demo_emd.wav */,
				69EE1B336E08E3D99CBFE578 /* demo_gcd.wav */,
			);
			path = DemoAudio;
			sourceTree = "<group>";
		};
		8CF592120260E98C6E8C0C32 /* Onboarding */ = {
			isa = PBXGroup;
			children = (
				5E542502A17F704180E65233 /* OnboardingView.swift */,
			);
			path = Onboarding;
			sourceTree = "<group>";
		};
		958BB47E280A431CD4420323 /* Audio */ = {
			isa = PBXGroup;
			children = (
				B92EFEA2ED450CA40625CA0A /* AudioEngine.swift */,
				4BB7CC2952C2A4E1556F7215 /* AudioFileLoader.swift */,
				B29CB5E2FF8DD169EC65097E /* AudioRecorder.swift */,
				DF2D87CCE1F204D57951EADB /* ChordDetector.swift */,
				B8ECA3218E3F7835329B495B /* ChordRecognizer.swift */,
				DA4735ACAC3797FB3FB0FC21 /* ChordSynth.swift */,
				C751EDCE5F489A1C43E94A5E /* Chromagram.swift */,
				C052F56AE6FB5BE845C5F46E /* Metronome.swift */,
				7C48BAA7BABD8F6A1B1C3E2B /* PitchDetector.swift */,
				D9EDBF96308E46028E444DA3 /* ScoringService.swift */,
				516647ECFAB1333232722625 /* SynthPlayer.swift */,
			);
			path = Audio;
			sourceTree = "<group>";
		};
		A21BA8A936975B6D18318342 /* Shared */ = {
			isa = PBXGroup;
			children = (
				F27543EE781A340A864F0A23 /* ChordDiagramView.swift */,
				52584A027A05E2AEBBDE71D8 /* MetronomeView.swift */,
				DF102D0DE9EBF3613D7088AE /* RadarChartView.swift */,
				6C8C192C9B707E0CBB7781B0 /* TunerReading.swift */,
				DD4455F25CBCC2DA58094A1A /* TunerView.swift */,
			);
			path = Shared;
			sourceTree = "<group>";
		};
		BA6C2341887D5C79363D13A5 /* Persistence */ = {
			isa = PBXGroup;
			children = (
				66FEE6F70220F34A3ED92F60 /* Database.swift */,
			);
			path = Persistence;
			sourceTree = "<group>";
		};
		C916ED5B6FA7CE7BCBA3A187 /* Tips */ = {
			isa = PBXGroup;
			children = (
				B432266AB6890FEB0131C76E /* TipsView.swift */,
			);
			path = Tips;
			sourceTree = "<group>";
		};
		CFDE155AE3D26B421417838B /* PracticeCoach */ = {
			isa = PBXGroup;
			children = (
				5593203B04F73D5DF4901DD6 /* ChordDetailView.swift */,
				F7D7B561B4260D06526E4D00 /* PracticeCoachView.swift */,
			);
			path = PracticeCoach;
			sourceTree = "<group>";
		};
		DBEC8A65E88EA2B0AAF3996E /* Strumbuddy */ = {
			isa = PBXGroup;
			children = (
				E64B9AEEF9FF252BC8E79CA5 /* App */,
				958BB47E280A431CD4420323 /* Audio */,
				16D56AE2E6DBF016EA1315FD /* Coach */,
				594AEF54A982BE57DAFF04D5 /* Features */,
				081B90D8A01A4C045A6D7BCB /* Models */,
				BA6C2341887D5C79363D13A5 /* Persistence */,
				34B4A24E5BFAF550344C6567 /* Resources */,
				45981A25D74B114CAD2A221D /* Theme */,
			);
			path = Strumbuddy;
			sourceTree = "<group>";
		};
		E64B9AEEF9FF252BC8E79CA5 /* App */ = {
			isa = PBXGroup;
			children = (
				7162E19E87FECBAD4027A767 /* ContentView.swift */,
				3BCA79382C833EA8C856F88B /* StrumbuddyApp.swift */,
			);
			path = App;
			sourceTree = "<group>";
		};
/* End PBXGroup section */

/* Begin PBXNativeTarget section */
		0F81E699FED44EE6EA443DF7 /* Strumbuddy */ = {
			isa = PBXNativeTarget;
			buildConfigurationList = 0DE5481D1925A368E7CFA548 /* Build configuration list for PBXNativeTarget "Strumbuddy" */;
			buildPhases = (
				3E9965DD8CF8369BFF999D15 /* Sources */,
				E4C88E2E3DD99834D6F46A80 /* Resources */,
			);
			buildRules = (
			);
			dependencies = (
			);
			name = Strumbuddy;
			packageProductDependencies = (
			);
			productName = Strumbuddy;
			productReference = 47C744AD96BD47F29C6C169A /* Strumbuddy.app */;
			productType = "com.apple.product-type.application";
		};
/* End PBXNativeTarget section */

/* Begin PBXProject section */
		E7ADB7564E9F834158BC5A2B /* Project object */ = {
			isa = PBXProject;
			attributes = {
				BuildIndependentTargetsInParallel = YES;
				LastUpgradeCheck = 2600;
				TargetAttributes = {
					0F81E699FED44EE6EA443DF7 = {
						DevelopmentTeam = M7PCWQ7WYN;
						ProvisioningStyle = Automatic;
					};
				};
			};
			buildConfigurationList = CF673698075D3C18B924CCA5 /* Build configuration list for PBXProject "Strumbuddy" */;
			developmentRegion = en;
			hasScannedForEncodings = 0;
			knownRegions = (
				Base,
				en,
			);
			mainGroup = 5D2AC293C183D36F188451F2;
			minimizedProjectReferenceProxies = 1;
			preferredProjectObjectVersion = 77;
			productRefGroup = 42AD92EAAE3E197A99B62A70 /* Products */;
			projectDirPath = "";
			projectRoot = "";
			targets = (
				0F81E699FED44EE6EA443DF7 /* Strumbuddy */,
			);
		};
/* End PBXProject section */

/* Begin PBXResourcesBuildPhase section */
		E4C88E2E3DD99834D6F46A80 /* Resources */ = {
			isa = PBXResourcesBuildPhase;
			buildActionMask = 2147483647;
			files = (
				043F2FCB8F16F0908325A564 /* Assets.xcassets in Resources */,
				F6143E7B52237EFA79A0EF4E /* demo_cgamf.wav in Resources */,
				C323C2B09FC85A5896E183B7 /* demo_emd.wav in Resources */,
				A5E1B598B3BE2A4037BEF378 /* demo_gcd.wav in Resources */,
			);
			runOnlyForDeploymentPostprocessing = 0;
		};
/* End PBXResourcesBuildPhase section */

/* Begin PBXSourcesBuildPhase section */
		3E9965DD8CF8369BFF999D15 /* Sources */ = {
			isa = PBXSourcesBuildPhase;
			buildActionMask = 2147483647;
			files = (
				B03DD23EAA30A73C8F00A0B4 /* AnalyzeView.swift in Sources */,
				B697ED23D79EC162181F016D /* AudioEngine.swift in Sources */,
				AD0BC500205ED4ABD5444041 /* AudioFileLoader.swift in Sources */,
				C3B22404C958D4BAD09DEE62 /* AudioRecorder.swift in Sources */,
				000504DCDCDC6F3FE7FB3837 /* BeatClock.swift in Sources */,
				0748C267B754E447F47AFCAA /* Calibration.swift in Sources */,
				D633EBD8A7B6DA9DE5ED7F12 /* CalibrationView.swift in Sources */,
				AC928A0110B9AA344A4F33A4 /* CapoSimplifier.swift in Sources */,
				46F066DE40A907FB457C7F87 /* Chord.swift in Sources */,
				1F978C34F368EC381C85D222 /* ChordCheckView.swift in Sources */,
				9B00727E6F7FFE43CFAF718E /* ChordDetailView.swift in Sources */,
				3980976E19E6862B9F03733C /* ChordDetector.swift in Sources */,
				FEC16499436E409048855D6B /* ChordDiagramView.swift in Sources */,
				1A43D55171316657B6966AC0 /* ChordRecognizer.swift in Sources */,
				971A5F068F360D7183A92BAD /* ChordShape.swift in Sources */,
				E1F6E7BE857B61629BB2C7E0 /* ChordSynth.swift in Sources */,
				E2B6D0FE80B16D30D119D3E0 /* Chromagram.swift in Sources */,
				71D428473494CEEA163F8A10 /* Coach.swift in Sources */,
				B782763469CD8C762BF4CCE3 /* ContentView.swift in Sources */,
				4BD58E00D245B89C5AD1D379 /* CreditAssignment.swift in Sources */,
				4E4CEE058B4FEDFBA7CC3CA0 /* Database.swift in Sources */,
				A0CA59ABEFACABD159CC5116 /* DrillSession.swift in Sources */,
				2A2F2ED512D08EAF5AA6A021 /* FreePlayView.swift in Sources */,
				591A898B4AB30C444FE952DE /* MasteryState.swift in Sources */,
				249DC2B1DB2E1306FD7E0522 /* MasteryStore.swift in Sources */,
				3BC27A4439ECDFDE707F0D17 /* Metronome.swift in Sources */,
				73C5A7354148916F02D13AD3 /* MetronomeView.swift in Sources */,
				CD6492363744F72519B05960 /* Observation.swift in Sources */,
				46F50497F8262558641269ED /* ObservationLog.swift in Sources */,
				E872995B125771C3582B86CC /* OnboardingView.swift in Sources */,
				311CE8ECCBD9ECD3A60CC871 /* PitchDetector.swift in Sources */,
				D9475E2454FB39095ADEAE48 /* PracticeCoachView.swift in Sources */,
				A40FF2D1AC106619B0D96B12 /* PracticeTracker.swift in Sources */,
				A26E3E6CAA52E24792CD60DE /* RadarChartView.swift in Sources */,
				E1CC326EAEBFBF042F6AEB74 /* ScoreAxes.swift in Sources */,
				8D9A9E661FDD6B69F892E512 /* ScoringService.swift in Sources */,
				9D5D4DC69903B14A62FB90D1 /* SelectionPolicy.swift in Sources */,
				D20120E00641DFE5B9FD7DB5 /* SessionGenerator.swift in Sources */,
				8E173847DD37E4E39B626942 /* Skill.swift in Sources */,
				593D64FCEC0D51A0455F130F /* SkillDetail.swift in Sources */,
				028B0B9408A8AD05082122E7 /* SkillGraph.swift in Sources */,
				4B4AD80786C17BA85BE1E777 /* Song.swift in Sources */,
				9A97F96748A0156658C36820 /* SongDetailView.swift in Sources */,
				56802006B0E087D665AD658A /* SongPlayer.swift in Sources */,
				995D585C2660556D502BDF17 /* SongSimplifier.swift in Sources */,
				5F724454D97873598E047482 /* SongsView.swift in Sources */,
				2CD824ADED4988843C281EE3 /* Stage.swift in Sources */,
				C8A3A2333BADF0E753696927 /* StreakCalculator.swift in Sources */,
				4B950ADDB3531B5F1CBCBE5C /* StructuredPathView.swift in Sources */,
				72E251FBD8B4F2B46EAAD60F /* StrumbuddyApp.swift in Sources */,
				B9A553C469CE23C903B02013 /* SynthPlayer.swift in Sources */,
				3954D76D35B9B926CF88705A /* Theme.swift in Sources */,
				E17CD65EA780775FAF41F368 /* Tip.swift in Sources */,
				53A52E8CA0EC88B51798D224 /* TipsView.swift in Sources */,
				1AE7A40D968F2921C17EF659 /* TodayView.swift in Sources */,
				634A1DBEE7F313723FE26DAF /* TransitionDrill.swift in Sources */,
				7223DB6042E7D8DF0D5FABFA /* TransitionDrillView.swift in Sources */,
				C0BBC4B53E7EC92E77500E9A /* TunerReading.swift in Sources */,
				842CF29DE5D74881E758D1AF /* TunerView.swift in Sources */,
			);
			runOnlyForDeploymentPostprocessing = 0;
		};
/* End PBXSourcesBuildPhase section */

/* Begin XCBuildConfiguration section */
		22F87DFB4FDE137042EA69F4 /* Release */ = {
			isa = XCBuildConfiguration;
			buildSettings = {
				ALWAYS_SEARCH_USER_PATHS = NO;
				CLANG_ANALYZER_NONNULL = YES;
				CLANG_ANALYZER_NUMBER_OBJECT_CONVERSION = YES_AGGRESSIVE;
				CLANG_CXX_LANGUAGE_STANDARD = "gnu++14";
				CLANG_CXX_LIBRARY = "libc++";
				CLANG_ENABLE_MODULES = YES;
				CLANG_ENABLE_OBJC_ARC = YES;
				CLANG_ENABLE_OBJC_WEAK = YES;
				CLANG_WARN_BLOCK_CAPTURE_AUTORELEASING = YES;
				CLANG_WARN_BOOL_CONVERSION = YES;
				CLANG_WARN_COMMA = YES;
				CLANG_WARN_CONSTANT_CONVERSION = YES;
				CLANG_WARN_DEPRECATED_OBJC_IMPLEMENTATIONS = YES;
				CLANG_WARN_DIRECT_OBJC_ISA_USAGE = YES_ERROR;
				CLANG_WARN_DOCUMENTATION_COMMENTS = YES;
				CLANG_WARN_EMPTY_BODY = YES;
				CLANG_WARN_ENUM_CONVERSION = YES;
				CLANG_WARN_INFINITE_RECURSION = YES;
				CLANG_WARN_INT_CONVERSION = YES;
				CLANG_WARN_NON_LITERAL_NULL_CONVERSION = YES;
				CLANG_WARN_OBJC_IMPLICIT_RETAIN_SELF = YES;
				CLANG_WARN_OBJC_LITERAL_CONVERSION = YES;
				CLANG_WARN_OBJC_ROOT_CLASS = YES_ERROR;
				CLANG_WARN_QUOTED_INCLUDE_IN_FRAMEWORK_HEADER = YES;
				CLANG_WARN_RANGE_LOOP_ANALYSIS = YES;
				CLANG_WARN_STRICT_PROTOTYPES = YES;
				CLANG_WARN_SUSPICIOUS_MOVE = YES;
				CLANG_WARN_UNGUARDED_AVAILABILITY = YES_AGGRESSIVE;
				CLANG_WARN_UNREACHABLE_CODE = YES;
				CLANG_WARN__DUPLICATE_METHOD_MATCH = YES;
				COPY_PHASE_STRIP = NO;
				CURRENT_PROJECT_VERSION = 1;
				DEBUG_INFORMATION_FORMAT = "dwarf-with-dsym";
				ENABLE_NS_ASSERTIONS = NO;
				ENABLE_STRICT_OBJC_MSGSEND = YES;
				GCC_C_LANGUAGE_STANDARD = gnu11;
				GCC_NO_COMMON_BLOCKS = YES;
				GCC_WARN_64_TO_32_BIT_CONVERSION = YES;
				GCC_WARN_ABOUT_RETURN_TYPE = YES_ERROR;
				GCC_WARN_UNDECLARED_SELECTOR = YES;
				GCC_WARN_UNINITIALIZED_AUTOS = YES_AGGRESSIVE;
				GCC_WARN_UNUSED_FUNCTION = YES;
				GCC_WARN_UNUSED_VARIABLE = YES;
				IPHONEOS_DEPLOYMENT_TARGET = 16.0;
				MARKETING_VERSION = 0.1.0;
				MTL_ENABLE_DEBUG_INFO = NO;
				MTL_FAST_MATH = YES;
				PRODUCT_NAME = "$(TARGET_NAME)";
				SDKROOT = iphoneos;
				SWIFT_COMPILATION_MODE = wholemodule;
				SWIFT_OPTIMIZATION_LEVEL = "-O";
				SWIFT_VERSION = 5.10;
			};
			name = Release;
		};
		3D98CF429A655152ADEC2A54 /* Release */ = {
			isa = XCBuildConfiguration;
			buildSettings = {
				ASSETCATALOG_COMPILER_APPICON_NAME = AppIcon;
				ASSETCATALOG_COMPILER_GLOBAL_ACCENT_COLOR_NAME = AccentColor;
				CODE_SIGN_IDENTITY = "iPhone Developer";
				CODE_SIGN_STYLE = Automatic;
				DEVELOPMENT_TEAM = M7PCWQ7WYN;
				ENABLE_USER_SCRIPT_SANDBOXING = YES;
				INFOPLIST_FILE = Strumbuddy/Resources/Info.plist;
				LD_RUNPATH_SEARCH_PATHS = (
					"$(inherited)",
					"@executable_path/Frameworks",
				);
				PRODUCT_BUNDLE_IDENTIFIER = me.colinwatson.strumbuddy;
				SDKROOT = iphoneos;
				TARGETED_DEVICE_FAMILY = 1;
			};
			name = Release;
		};
		5075F4CB0AA71837CE6423C6 /* Debug */ = {
			isa = XCBuildConfiguration;
			buildSettings = {
				ALWAYS_SEARCH_USER_PATHS = NO;
				CLANG_ANALYZER_NONNULL = YES;
				CLANG_ANALYZER_NUMBER_OBJECT_CONVERSION = YES_AGGRESSIVE;
				CLANG_CXX_LANGUAGE_STANDARD = "gnu++14";
				CLANG_CXX_LIBRARY = "libc++";
				CLANG_ENABLE_MODULES = YES;
				CLANG_ENABLE_OBJC_ARC = YES;
				CLANG_ENABLE_OBJC_WEAK = YES;
				CLANG_WARN_BLOCK_CAPTURE_AUTORELEASING = YES;
				CLANG_WARN_BOOL_CONVERSION = YES;
				CLANG_WARN_COMMA = YES;
				CLANG_WARN_CONSTANT_CONVERSION = YES;
				CLANG_WARN_DEPRECATED_OBJC_IMPLEMENTATIONS = YES;
				CLANG_WARN_DIRECT_OBJC_ISA_USAGE = YES_ERROR;
				CLANG_WARN_DOCUMENTATION_COMMENTS = YES;
				CLANG_WARN_EMPTY_BODY = YES;
				CLANG_WARN_ENUM_CONVERSION = YES;
				CLANG_WARN_INFINITE_RECURSION = YES;
				CLANG_WARN_INT_CONVERSION = YES;
				CLANG_WARN_NON_LITERAL_NULL_CONVERSION = YES;
				CLANG_WARN_OBJC_IMPLICIT_RETAIN_SELF = YES;
				CLANG_WARN_OBJC_LITERAL_CONVERSION = YES;
				CLANG_WARN_OBJC_ROOT_CLASS = YES_ERROR;
				CLANG_WARN_QUOTED_INCLUDE_IN_FRAMEWORK_HEADER = YES;
				CLANG_WARN_RANGE_LOOP_ANALYSIS = YES;
				CLANG_WARN_STRICT_PROTOTYPES = YES;
				CLANG_WARN_SUSPICIOUS_MOVE = YES;
				CLANG_WARN_UNGUARDED_AVAILABILITY = YES_AGGRESSIVE;
				CLANG_WARN_UNREACHABLE_CODE = YES;
				CLANG_WARN__DUPLICATE_METHOD_MATCH = YES;
				COPY_PHASE_STRIP = NO;
				CURRENT_PROJECT_VERSION = 1;
				DEBUG_INFORMATION_FORMAT = dwarf;
				ENABLE_STRICT_OBJC_MSGSEND = YES;
				ENABLE_TESTABILITY = YES;
				GCC_C_LANGUAGE_STANDARD = gnu11;
				GCC_DYNAMIC_NO_PIC = NO;
				GCC_NO_COMMON_BLOCKS = YES;
				GCC_OPTIMIZATION_LEVEL = 0;
				GCC_PREPROCESSOR_DEFINITIONS = (
					"$(inherited)",
					"DEBUG=1",
				);
				GCC_WARN_64_TO_32_BIT_CONVERSION = YES;
				GCC_WARN_ABOUT_RETURN_TYPE = YES_ERROR;
				GCC_WARN_UNDECLARED_SELECTOR = YES;
				GCC_WARN_UNINITIALIZED_AUTOS = YES_AGGRESSIVE;
				GCC_WARN_UNUSED_FUNCTION = YES;
				GCC_WARN_UNUSED_VARIABLE = YES;
				IPHONEOS_DEPLOYMENT_TARGET = 16.0;
				MARKETING_VERSION = 0.1.0;
				MTL_ENABLE_DEBUG_INFO = INCLUDE_SOURCE;
				MTL_FAST_MATH = YES;
				ONLY_ACTIVE_ARCH = YES;
				PRODUCT_NAME = "$(TARGET_NAME)";
				SDKROOT = iphoneos;
				SWIFT_ACTIVE_COMPILATION_CONDITIONS = DEBUG;
				SWIFT_OPTIMIZATION_LEVEL = "-Onone";
				SWIFT_VERSION = 5.10;
			};
			name = Debug;
		};
		9A63DFB703A6EED915E4E9D6 /* Debug */ = {
			isa = XCBuildConfiguration;
			buildSettings = {
				ASSETCATALOG_COMPILER_APPICON_NAME = AppIcon;
				ASSETCATALOG_COMPILER_GLOBAL_ACCENT_COLOR_NAME = AccentColor;
				CODE_SIGN_IDENTITY = "iPhone Developer";
				CODE_SIGN_STYLE = Automatic;
				DEVELOPMENT_TEAM = M7PCWQ7WYN;
				ENABLE_USER_SCRIPT_SANDBOXING = YES;
				INFOPLIST_FILE = Strumbuddy/Resources/Info.plist;
				LD_RUNPATH_SEARCH_PATHS = (
					"$(inherited)",
					"@executable_path/Frameworks",
				);
				PRODUCT_BUNDLE_IDENTIFIER = me.colinwatson.strumbuddy;
				SDKROOT = iphoneos;
				TARGETED_DEVICE_FAMILY = 1;
			};
			name = Debug;
		};
/* End XCBuildConfiguration section */

/* Begin XCConfigurationList section */
		0DE5481D1925A368E7CFA548 /* Build configuration list for PBXNativeTarget "Strumbuddy" */ = {
			isa = XCConfigurationList;
			buildConfigurations = (
				9A63DFB703A6EED915E4E9D6 /* Debug */,
				3D98CF429A655152ADEC2A54 /* Release */,
			);
			defaultConfigurationIsVisible = 0;
			defaultConfigurationName = Debug;
		};
		CF673698075D3C18B924CCA5 /* Build configuration list for PBXProject "Strumbuddy" */ = {
			isa = XCConfigurationList;
			buildConfigurations = (
				5075F4CB0AA71837CE6423C6 /* Debug */,
				22F87DFB4FDE137042EA69F4 /* Release */,
			);
			defaultConfigurationIsVisible = 0;
			defaultConfigurationName = Debug;
		};
/* End XCConfigurationList section */
	};
	rootObject = E7ADB7564E9F834158BC5A2B /* Project object */;
}
